// !$*UTF8*$!
{
	archiveVersion = 1;
	classes = {
	};
	objectVersion = 46;
	objects = {

/* Begin PBXBuildFile section */
		411E86821C27E20E005D5AA3 /* AppDelegate.swift in Sources */ = {isa = PBXBuildFile; fileRef = 411E86811C27E20E005D5AA3 /* AppDelegate.swift */; };
		411E86841C27E20E005D5AA3 /* ViewController.swift in Sources */ = {isa = PBXBuildFile; fileRef = 411E86831C27E20E005D5AA3 /* ViewController.swift */; };
		411E86871C27E20E005D5AA3 /* Main.storyboard in Resources */ = {isa = PBXBuildFile; fileRef = 411E86851C27E20E005D5AA3 /* Main.storyboard */; };
		411E86891C27E20E005D5AA3 /* Assets.xcassets in Resources */ = {isa = PBXBuildFile; fileRef = 411E86881C27E20E005D5AA3 /* Assets.xcassets */; };
		411E868C1C27E20E005D5AA3 /* LaunchScreen.storyboard in Resources */ = {isa = PBXBuildFile; fileRef = 411E868A1C27E20E005D5AA3 /* LaunchScreen.storyboard */; };
/* End PBXBuildFile section */

/* Begin PBXFileReference section */
		411E867E1C27E20E005D5AA3 /* Table Views.app */ = {isa = PBXFileReference; explicitFileType = wrapper.application; includeInIndex = 0; path = "Table Views.app"; sourceTree = BUILT_PRODUCTS_DIR; };
		411E86811C27E20E005D5AA3 /* AppDelegate.swift */ = {isa = PBXFileReference; lastKnownFileType = sourcecode.swift; path = AppDelegate.swift; sourceTree = "<group>"; };
		411E86831C27E20E005D5AA3 /* ViewController.swift */ = {isa = PBXFileReference; lastKnownFileType = sourcecode.swift; path = ViewController.swift; sourceTree = "<group>"; };
		411E86861C27E20E005D5AA3 /* Base */ = {isa = PBXFileReference; lastKnownFileType = file.storyboard; name = Base; path = Base.lproj/Main.storyboard; sourceTree = "<group>"; };
		411E86881C27E20E005D5AA3 /* Assets.xcassets */ = {isa = PBXFileReference; lastKnownFileType = folder.assetcatalog; path = Assets.xcassets; sourceTree = "<group>"; };
		411E868B1C27E20E005D5AA3 /* Base */ = {isa = PBXFileReference; lastKnownFileType = file.storyboard; name = Base; path = Base.lproj/LaunchScreen.storyboard; sourceTree = "<group>"; };
		411E868D1C27E20E005D5AA3 /* Info.plist */ = {isa = PBXFileReference; lastKnownFileType = text.plist.xml; path = Info.plist; sourceTree = "<group>"; };
/* End PBXFileReference section */

/* Begin PBXFrameworksBuildPhase section */
		411E867B1C27E20E005D5AA3 /* Frameworks */ = {
			isa = PBXFrameworksBuildPhase;
			buildActionMask = 2147483647;
			files = (
			);
			runOnlyForDeploymentPostprocessing = 0;
		};
/* End PBXFrameworksBuildPhase section */

/* Begin PBXGroup section */
		411E86751C27E20E005D5AA3 = {
			isa = PBXGroup;
			children = (
				411E86801C27E20E005D5AA3 /* Table Views */,
				411E867F1C27E20E005D5AA3 /* Products */,
			);
			sourceTree = "<group>";
		};
		411E867F1C27E20E005D5AA3 /* Products */ = {
			isa = PBXGroup;
			children = (
				411E867E1C27E20E005D5AA3 /* Table Views.app */,
			);
			name = Products;
			sourceTree = "<group>";
		};
		411E86801C27E20E005D5AA3 /* Table Views */ = {
			isa = PBXGroup;
			children = (
				411E86811C27E20E005D5AA3 /* AppDelegate.swift */,
				411E86831C27E20E005D5AA3 /* ViewController.swift */,
				411E86851C27E20E005D5AA3 /* Main.storyboard */,
				411E86881C27E20E005D5AA3 /* Assets.xcassets */,
				411E868A1C27E20E005D5AA3 /* LaunchScreen.storyboard */,
				411E868D1C27E20E005D5AA3 /* Info.plist */,
			);
			path = "Table Views";
			sourceTree = "<group>";
		};
/* End PBXGroup section */

/* Begin PBXNativeTarget section */
		411E867D1C27E20E005D5AA3 /* Table Views */ = {
			isa = PBXNativeTarget;
			buildConfigurationList = 411E86901C27E20E005D5AA3 /* Build configuration list for PBXNativeTarget "Table Views" */;
			buildPhases = (
				411E867A1C27E20E005D5AA3 /* Sources */,
				411E867B1C27E20E005D5AA3 /* Frameworks */,
				411E867C1C27E20E005D5AA3 /* Resources */,
			);
			buildRules = (
			);
			dependencies = (
			);
			name = "Table Views";
			productName = "Table Views";
			productReference = 411E867E1C27E20E005D5AA3 /* Table Views.app */;
			productType = "com.apple.product-type.application";
		};
/* End PBXNativeTarget section */

/* Begin PBXProject section */
		411E86761C27E20E005D5AA3 /* Project object */ = {
			isa = PBXProject;
			attributes = {
				LastSwiftUpdateCheck = 0720;
				LastUpgradeCheck = 0720;
				ORGANIZATIONNAME = "Ali Haghani";
				TargetAttributes = {
					411E867D1C27E20E005D5AA3 = {
						CreatedOnToolsVersion = 7.2;
					};
				};
			};
			buildConfigurationList = 411E86791C27E20E005D5AA3 /* Build configuration list for PBXProject "Table Views" */;
			compatibilityVersion = "Xcode 3.2";
			developmentRegion = English;
			hasScannedForEncodings = 0;
			knownRegions = (
				en,
				Base,
			);
			mainGroup = 411E86751C27E20E005D5AA3;
			productRefGroup = 411E867F1C27E20E005D5AA3 /* Products */;
			projectDirPath = "";
			projectRoot = "";
			targets = (
				411E867D1C27E20E005D5AA3 /* Table Views */,
			);
		};
/* End PBXProject section */

/* Begin PBXResourcesBuildPhase section */
		411E867C1C27E20E005D5AA3 /* Resources */ = {
			isa = PBXResourcesBuildPhase;
			buildActionMask = 2147483647;
			files = (
				411E868C1C27E20E005D5AA3 /* LaunchScreen.storyboard in Resources */,
				411E86891C27E20E005D5AA3 /* Assets.xcassets in Resources */,
				411E86871C27E20E005D5AA3 /* Main.storyboard in Resources */,
			);
			runOnlyForDeploymentPostprocessing = 0;
		};
/* End PBXResourcesBuildPhase section */

/* Begin PBXSourcesBuildPhase section */
		411E867A1C27E20E005D5AA3 /* Sources */ = {
			isa = PBXSourcesBuildPhase;
			buildActionMask = 2147483647;
			files = (
				411E86841C27E20E005D5AA3 /* ViewController.swift in Sources */,
				411E86821C27E20E005D5AA3 /* AppDelegate.swift in Sources */,
			);
			runOnlyForDeploymentPostprocessing = 0;
		};
/* End PBXSourcesBuildPhase section */

/* Begin PBXVariantGroup section */
		411E86851C27E20E005D5AA3 /* Main.storyboard */ = {
			isa = PBXVariantGroup;
			children = (
				411E86861C27E20E005D5AA3 /* Base */,
			);
			name = Main.storyboard;
			sourceTree = "<group>";
		};
		411E868A1C27E20E005D5AA3 /* LaunchScreen.storyboard */ = {
			isa = PBXVariantGroup;
			children = (
				411E868B1C27E20E005D5AA3 /* Base */,
			);
			name = LaunchScreen.storyboard;
			sourceTree = "<group>";
		};
/* End PBXVariantGroup section */

/* Begin XCBuildConfiguration section */
		411E868E1C27E20E005D5AA3 /* Debug */ = {
			isa = XCBuildConfiguration;
			buildSettings = {
				ALWAYS_SEARCH_USER_PATHS = NO;
				CLANG_CXX_LANGUAGE_STANDARD = "gnu++0x";
				CLANG_CXX_LIBRARY = "libc++";
				CLANG_ENABLE_MODULES = YES;
				CLANG_ENABLE_OBJC_ARC = YES;
				CLANG_WARN_BOOL_CONVERSION = YES;
				CLANG_WARN_CONSTANT_CONVERSION = YES;
				CLANG_WARN_DIRECT_OBJC_ISA_USAGE = YES_ERROR;
				CLANG_WARN_EMPTY_BODY = YES;
				CLANG_WARN_ENUM_CONVERSION = YES;
				CLANG_WARN_INT_CONVERSION = YES;
				CLANG_WARN_OBJC_ROOT_CLASS = YES_ERROR;
				CLANG_WARN_UNREACHABLE_CODE = YES;
				CLANG_WARN__DUPLICATE_METHOD_MATCH = YES;
				"CODE_SIGN_IDENTITY[sdk=iphoneos*]" = "iPhone Developer";
				COPY_PHASE_STRIP = NO;
				DEBUG_INFORMATION_FORMAT = dwarf;
				ENABLE_STRICT_OBJC_MSGSEND = YES;
				ENABLE_TESTABILITY = YES;
				GCC_C_LANGUAGE_STANDARD = gnu99;
				GCC_DYNAMIC_NO_PIC = NO;
				GCC_NO_COMMON_BLOCKS = YES;
				GCC_OPTIMIZATION_LEVEL = 0;
				GCC_PREPROCESSOR_DEFINITIONS = (
					"DEBUG=1",
					"$(inherited)",
				);
				GCC_WARN_64_TO_32_BIT_CONVERSION = YES;
				GCC_WARN_ABOUT_RETURN_TYPE = YES_ERROR;
				GCC_WARN_UNDECLARED_SELECTOR = YES;
				GCC_WARN_UNINITIALIZED_AUTOS = YES_AGGRESSIVE;
				GCC_WARN_UNUSED_FUNCTION = YES;
				GCC_WARN_UNUSED_VARIABLE = YES;
				IPHONEOS_DEPLOYMENT_TARGET = 9.2;
				MTL_ENABLE_DEBUG_INFO = YES;
				ONLY_ACTIVE_ARCH = YES;
				SDKROOT = iphoneos;
				SWIFT_OPTIMIZATION_LEVEL = "-Onone";
			};
			name = Debug;
		};
		411E868F1C27E20E005D5AA3 /* Release */ = {
			isa = XCBuildConfiguration;
			buildSettings = {
				ALWAYS_SEARCH_USER_PATHS = NO;
				CLANG_CXX_LANGUAGE_STANDARD = "gnu++0x";
				CLANG_CXX_LIBRARY = "libc++";
				CLANG_ENABLE_MODULES = YES;
				CLANG_ENABLE_OBJC_ARC = YES;
				CLANG_WARN_BOOL_CONVERSION = YES;
				CLANG_WARN_CONSTANT_CONVERSION = YES;
				CLANG_WARN_DIRECT_OBJC_ISA_USAGE = YES_ERROR;
				CLANG_WARN_EMPTY_BODY = YES;
				CLANG_WARN_ENUM_CONVERSION = YES;
				CLANG_WARN_INT_CONVERSION = YES;
				CLANG_WARN_OBJC_ROOT_CLASS = YES_ERROR;
				CLANG_WARN_UNREACHABLE_CODE = YES;
				CLANG_WARN__DUPLICATE_METHOD_MATCH = YES;
				"CODE_SIGN_IDENTITY[sdk=iphoneos*]" = "iPhone Developer";
				COPY_PHASE_STRIP = NO;
				DEBUG_INFORMATION_FORMAT = "dwarf-with-dsym";
				ENABLE_NS_ASSERTIONS = NO;
				ENABLE_STRICT_OBJC_MSGSEND = YES;
				GCC_C_LANGUAGE_STANDARD = gnu99;
				GCC_NO_COMMON_BLOCKS = YES;
				GCC_WARN_64_TO_32_BIT_CONVERSION = YES;
				GCC_WARN_ABOUT_RETURN_TYPE = YES_ERROR;
				GCC_WARN_UNDECLARED_SELECTOR = YES;
				GCC_WARN_UNINITIALIZED_AUTOS = YES_AGGRESSIVE;
				GCC_WARN_UNUSED_FUNCTION = YES;
				GCC_WARN_UNUSED_VARIABLE = YES;
				IPHONEOS_DEPLOYMENT_TARGET = 9.2;
				MTL_ENABLE_DEBUG_INFO = NO;
				SDKROOT = iphoneos;
				VALIDATE_PRODUCT = YES;
			};
			name = Release;
		};
		411E86911C27E20E005D5AA3 /* Debug */ = {
			isa = XCBuildConfiguration;
			buildSettings = {
				ASSETCATALOG_COMPILER_APPICON_NAME = AppIcon;
				INFOPLIST_FILE = "Table Views/Info.plist";
				LD_RUNPATH_SEARCH_PATHS = "$(inherited) @executable_path/Frameworks";
				PRODUCT_BUNDLE_IDENTIFIER = "AH.Table-Views";
				PRODUCT_NAME = "$(TARGET_NAME)";
			};
			name = Debug;
		};
		411E86921C27E20E005D5AA3 /* Release */ = {
			isa = XCBuildConfiguration;
			buildSettings = {
				ASSETCATALOG_COMPILER_APPICON_NAME = AppIcon;
				INFOPLIST_FILE = "Table Views/Info.plist";
				LD_RUNPATH_SEARCH_PATHS = "$(inherited) @executable_path/Frameworks";
				PRODUCT_BUNDLE_IDENTIFIER = "AH.Table-Views";
				PRODUCT_NAME = "$(TARGET_NAME)";
			};
			name = Release;
		};
/* End XCBuildConfiguration section */

/* Begin XCConfigurationList section */
		411E86791C27E20E005D5AA3 /* Build configuration list for PBXProject "Table Views" */ = {
			isa = XCConfigurationList;
			buildConfigurations = (
				411E868E1C27E20E005D5AA3 /* Debug */,
				411E868F1C27E20E005D5AA3 /* Release */,
			);
			defaultConfigurationIsVisible = 0;
			defaultConfigurationName = Release;
		};
		411E86901C27E20E005D5AA3 /* Build configuration list for PBXNativeTarget "Table Views" */ = {
			isa = XCConfigurationList;
			buildConfigurations = (
				411E86911C27E20E005D5AA3 /* Debug */,
				411E86921C27E20E005D5AA3 /* Release */,
			);
			defaultConfigurationIsVisible = 0;
		};
/* End XCConfigurationList section */
	};
	rootObject = 411E86761C27E20E005D5AA3 /* Project object */;
}
