// !$*UTF8*$!
{
	archiveVersion = 1;
	classes = {
	};
	objectVersion = 46;
	objects = {

/* Begin PBXBuildFile section */
		4100E9DF1C6D91EA00B4C4E0 /* AppDelegate.swift in Sources */ = {isa = PBXBuildFile; fileRef = 4100E9DE1C6D91EA00B4C4E0 /* AppDelegate.swift */; };
		4100E9E11C6D91EA00B4C4E0 /* ViewController.swift in Sources */ = {isa = PBXBuildFile; fileRef = 4100E9E01C6D91EA00B4C4E0 /* ViewController.swift */; };
		4100E9E41C6D91EA00B4C4E0 /* Main.storyboard in Resources */ = {isa = PBXBuildFile; fileRef = 4100E9E21C6D91EA00B4C4E0 /* Main.storyboard */; };
		4100E9E61C6D91EA00B4C4E0 /* Assets.xcassets in Resources */ = {isa = PBXBuildFile; fileRef = 4100E9E51C6D91EA00B4C4E0 /* Assets.xcassets */; };
		4100E9E91C6D91EA00B4C4E0 /* LaunchScreen.storyboard in Resources */ = {isa = PBXBuildFile; fileRef = 4100E9E71C6D91EA00B4C4E0 /* LaunchScreen.storyboard */; };
		4100E9F11C6DAF0300B4C4E0 /* background.jpg in Resources */ = {isa = PBXBuildFile; fileRef = 4100E9F01C6DAF0300B4C4E0 /* background.jpg */; };
/* End PBXBuildFile section */

/* Begin PBXFileReference section */
		4100E9DB1C6D91EA00B4C4E0 /* Current Conditions.app */ = {isa = PBXFileReference; explicitFileType = wrapper.application; includeInIndex = 0; path = "Current Conditions.app"; sourceTree = BUILT_PRODUCTS_DIR; };
		4100E9DE1C6D91EA00B4C4E0 /* AppDelegate.swift */ = {isa = PBXFileReference; lastKnownFileType = sourcecode.swift; path = AppDelegate.swift; sourceTree = "<group>"; };
		4100E9E01C6D91EA00B4C4E0 /* ViewController.swift */ = {isa = PBXFileReference; lastKnownFileType = sourcecode.swift; path = ViewController.swift; sourceTree = "<group>"; };
		4100E9E31C6D91EA00B4C4E0 /* Base */ = {isa = PBXFileReference; lastKnownFileType = file.storyboard; name = Base; path = Base.lproj/Main.storyboard; sourceTree = "<group>"; };
		4100E9E51C6D91EA00B4C4E0 /* Assets.xcassets */ = {isa = PBXFileReference; lastKnownFileType = folder.assetcatalog; path = Assets.xcassets; sourceTree = "<group>"; };
		4100E9E81C6D91EA00B4C4E0 /* Base */ = {isa = PBXFileReference; lastKnownFileType = file.storyboard; name = Base; path = Base.lproj/LaunchScreen.storyboard; sourceTree = "<group>"; };
		4100E9EA1C6D91EA00B4C4E0 /* Info.plist */ = {isa = PBXFileReference; lastKnownFileType = text.plist.xml; path = Info.plist; sourceTree = "<group>"; };
		4100E9F01C6DAF0300B4C4E0 /* background.jpg */ = {isa = PBXFileReference; lastKnownFileType = image.jpeg; path = background.jpg; sourceTree = "<group>"; };
/* End PBXFileReference section */

/* Begin PBXFrameworksBuildPhase section */
		4100E9D81C6D91EA00B4C4E0 /* Frameworks */ = {
			isa = PBXFrameworksBuildPhase;
			buildActionMask = 2147483647;
			files = (
			);
			runOnlyForDeploymentPostprocessing = 0;
		};
/* End PBXFrameworksBuildPhase section */

/* Begin PBXGroup section */
		4100E9D21C6D91EA00B4C4E0 = {
			isa = PBXGroup;
			children = (
				4100E9DD1C6D91EA00B4C4E0 /* Current Conditions */,
				4100E9DC1C6D91EA00B4C4E0 /* Products */,
			);
			sourceTree = "<group>";
		};
		4100E9DC1C6D91EA00B4C4E0 /* Products */ = {
			isa = PBXGroup;
			children = (
				4100E9DB1C6D91EA00B4C4E0 /* Current Conditions.app */,
			);
			name = Products;
			sourceTree = "<group>";
		};
		4100E9DD1C6D91EA00B4C4E0 /* Current Conditions */ = {
			isa = PBXGroup;
			children = (
				4100E9DE1C6D91EA00B4C4E0 /* AppDelegate.swift */,
				4100E9E01C6D91EA00B4C4E0 /* ViewController.swift */,
				4100E9E21C6D91EA00B4C4E0 /* Main.storyboard */,
				4100E9E51C6D91EA00B4C4E0 /* Assets.xcassets */,
				4100E9E71C6D91EA00B4C4E0 /* LaunchScreen.storyboard */,
				4100E9EA1C6D91EA00B4C4E0 /* Info.plist */,
				4100E9F01C6DAF0300B4C4E0 /* background.jpg */,
			);
			path = "Current Conditions";
			sourceTree = "<group>";
		};
/* End PBXGroup section */

/* Begin PBXNativeTarget section */
		4100E9DA1C6D91EA00B4C4E0 /* Current Conditions */ = {
			isa = PBXNativeTarget;
			buildConfigurationList = 4100E9ED1C6D91EA00B4C4E0 /* Build configuration list for PBXNativeTarget "Current Conditions" */;
			buildPhases = (
				4100E9D71C6D91EA00B4C4E0 /* Sources */,
				4100E9D81C6D91EA00B4C4E0 /* Frameworks */,
				4100E9D91C6D91EA00B4C4E0 /* Resources */,
			);
			buildRules = (
			);
			dependencies = (
			);
			name = "Current Conditions";
			productName = "Current Conditions";
			productReference = 4100E9DB1C6D91EA00B4C4E0 /* Current Conditions.app */;
			productType = "com.apple.product-type.application";
		};
/* End PBXNativeTarget section */

/* Begin PBXProject section */
		4100E9D31C6D91EA00B4C4E0 /* Project object */ = {
			isa = PBXProject;
			attributes = {
				LastSwiftUpdateCheck = 0720;
				LastUpgradeCheck = 0720;
				ORGANIZATIONNAME = "Ali Haghani";
				TargetAttributes = {
					4100E9DA1C6D91EA00B4C4E0 = {
						CreatedOnToolsVersion = 7.2;
						DevelopmentTeam = L6TM3MHDFK;
					};
				};
			};
			buildConfigurationList = 4100E9D61C6D91EA00B4C4E0 /* Build configuration list for PBXProject "Current Conditions" */;
			compatibilityVersion = "Xcode 3.2";
			developmentRegion = English;
			hasScannedForEncodings = 0;
			knownRegions = (
				en,
				Base,
			);
			mainGroup = 4100E9D21C6D91EA00B4C4E0;
			productRefGroup = 4100E9DC1C6D91EA00B4C4E0 /* Products */;
			projectDirPath = "";
			projectRoot = "";
			targets = (
				4100E9DA1C6D91EA00B4C4E0 /* Current Conditions */,
			);
		};
/* End PBXProject section */

/* Begin PBXResourcesBuildPhase section */
		4100E9D91C6D91EA00B4C4E0 /* Resources */ = {
			isa = PBXResourcesBuildPhase;
			buildActionMask = 2147483647;
			files = (
				4100E9E91C6D91EA00B4C4E0 /* LaunchScreen.storyboard in Resources */,
				4100E9F11C6DAF0300B4C4E0 /* background.jpg in Resources */,
				4100E9E61C6D91EA00B4C4E0 /* Assets.xcassets in Resources */,
				4100E9E41C6D91EA00B4C4E0 /* Main.storyboard in Resources */,
			);
			runOnlyForDeploymentPostprocessing = 0;
		};
/* End PBXResourcesBuildPhase section */

/* Begin PBXSourcesBuildPhase section */
		4100E9D71C6D91EA00B4C4E0 /* Sources */ = {
			isa = PBXSourcesBuildPhase;
			buildActionMask = 2147483647;
			files = (
				4100E9E11C6D91EA00B4C4E0 /* ViewController.swift in Sources */,
				4100E9DF1C6D91EA00B4C4E0 /* AppDelegate.swift in Sources */,
			);
			runOnlyForDeploymentPostprocessing = 0;
		};
/* End PBXSourcesBuildPhase section */

/* Begin PBXVariantGroup section */
		4100E9E21C6D91EA00B4C4E0 /* Main.storyboard */ = {
			isa = PBXVariantGroup;
			children = (
				4100E9E31C6D91EA00B4C4E0 /* Base */,
			);
			name = Main.storyboard;
			sourceTree = "<group>";
		};
		4100E9E71C6D91EA00B4C4E0 /* LaunchScreen.storyboard */ = {
			isa = PBXVariantGroup;
			children = (
				4100E9E81C6D91EA00B4C4E0 /* Base */,
			);
			name = LaunchScreen.storyboard;
			sourceTree = "<group>";
		};
/* End PBXVariantGroup section */

/* Begin XCBuildConfiguration section */
		4100E9EB1C6D91EA00B4C4E0 /* Debug */ = {
			isa = XCBuildConfiguration;
			buildSettings = {
				ALWAYS_SEARCH_USER_PATHS = NO;
				CLANG_CXX_LANGUAGE_STANDARD = "gnu++0x";
				CLANG_CXX_LIBRARY = "libc++";
				CLANG_ENABLE_MODULES = YES;
				CLANG_ENABLE_OBJC_ARC = YES;
				CLANG_WARN_BOOL_CONVERSION = YES;
				CLANG_WARN_CONSTANT_CONVERSION = YES;
				CLANG_WARN_DIRECT_OBJC_ISA_USAGE = YES_ERROR;
				CLANG_WARN_EMPTY_BODY = YES;
				CLANG_WARN_ENUM_CONVERSION = YES;
				CLANG_WARN_INT_CONVERSION = YES;
				CLANG_WARN_OBJC_ROOT_CLASS = YES_ERROR;
				CLANG_WARN_UNREACHABLE_CODE = YES;
				CLANG_WARN__DUPLICATE_METHOD_MATCH = YES;
				"CODE_SIGN_IDENTITY[sdk=iphoneos*]" = "iPhone Developer";
				COPY_PHASE_STRIP = NO;
				DEBUG_INFORMATION_FORMAT = dwarf;
				ENABLE_STRICT_OBJC_MSGSEND = YES;
				ENABLE_TESTABILITY = YES;
				GCC_C_LANGUAGE_STANDARD = gnu99;
				GCC_DYNAMIC_NO_PIC = NO;
				GCC_NO_COMMON_BLOCKS = YES;
				GCC_OPTIMIZATION_LEVEL = 0;
				GCC_PREPROCESSOR_DEFINITIONS = (
					"DEBUG=1",
					"$(inherited)",
				);
				GCC_WARN_64_TO_32_BIT_CONVERSION = YES;
				GCC_WARN_ABOUT_RETURN_TYPE = YES_ERROR;
				GCC_WARN_UNDECLARED_SELECTOR = YES;
				GCC_WARN_UNINITIALIZED_AUTOS = YES_AGGRESSIVE;
				GCC_WARN_UNUSED_FUNCTION = YES;
				GCC_WARN_UNUSED_VARIABLE = YES;
				IPHONEOS_DEPLOYMENT_TARGET = 9.2;
				MTL_ENABLE_DEBUG_INFO = YES;
				ONLY_ACTIVE_ARCH = YES;
				SDKROOT = iphoneos;
				SWIFT_OPTIMIZATION_LEVEL = "-Onone";
			};
			name = Debug;
		};
		4100E9EC1C6D91EA00B4C4E0 /* Release */ = {
			isa = XCBuildConfiguration;
			buildSettings = {
				ALWAYS_SEARCH_USER_PATHS = NO;
				CLANG_CXX_LANGUAGE_STANDARD = "gnu++0x";
				CLANG_CXX_LIBRARY = "libc++";
				CLANG_ENABLE_MODULES = YES;
				CLANG_ENABLE_OBJC_ARC = YES;
				CLANG_WARN_BOOL_CONVERSION = YES;
				CLANG_WARN_CONSTANT_CONVERSION = YES;
				CLANG_WARN_DIRECT_OBJC_ISA_USAGE = YES_ERROR;
				CLANG_WARN_EMPTY_BODY = YES;
				CLANG_WARN_ENUM_CONVERSION = YES;
				CLANG_WARN_INT_CONVERSION = YES;
				CLANG_WARN_OBJC_ROOT_CLASS = YES_ERROR;
				CLANG_WARN_UNREACHABLE_CODE = YES;
				CLANG_WARN__DUPLICATE_METHOD_MATCH = YES;
				"CODE_SIGN_IDENTITY[sdk=iphoneos*]" = "iPhone Developer";
				COPY_PHASE_STRIP = NO;
				DEBUG_INFORMATION_FORMAT = "dwarf-with-dsym";
				ENABLE_NS_ASSERTIONS = NO;
				ENABLE_STRICT_OBJC_MSGSEND = YES;
				GCC_C_LANGUAGE_STANDARD = gnu99;
				GCC_NO_COMMON_BLOCKS = YES;
				GCC_WARN_64_TO_32_BIT_CONVERSION = YES;
				GCC_WARN_ABOUT_RETURN_TYPE = YES_ERROR;
				GCC_WARN_UNDECLARED_SELECTOR = YES;
				GCC_WARN_UNINITIALIZED_AUTOS = YES_AGGRESSIVE;
				GCC_WARN_UNUSED_FUNCTION = YES;
				GCC_WARN_UNUSED_VARIABLE = YES;
				IPHONEOS_DEPLOYMENT_TARGET = 9.2;
				MTL_ENABLE_DEBUG_INFO = NO;
				SDKROOT = iphoneos;
				VALIDATE_PRODUCT = YES;
			};
			name = Release;
		};
		4100E9EE1C6D91EA00B4C4E0 /* Debug */ = {
			isa = XCBuildConfiguration;
			buildSettings = {
				ASSETCATALOG_COMPILER_APPICON_NAME = AppIcon;
				CODE_SIGN_IDENTITY = "iPhone Developer";
				INFOPLIST_FILE = "Current Conditions/Info.plist";
				LD_RUNPATH_SEARCH_PATHS = "$(inherited) @executable_path/Frameworks";
				PRODUCT_BUNDLE_IDENTIFIER = "me.alihaghani.Current-Conditions";
				PRODUCT_NAME = "$(TARGET_NAME)";
			};
			name = Debug;
		};
		4100E9EF1C6D91EA00B4C4E0 /* Release */ = {
			isa = XCBuildConfiguration;
			buildSettings = {
				ASSETCATALOG_COMPILER_APPICON_NAME = AppIcon;
				CODE_SIGN_IDENTITY = "iPhone Developer";
				INFOPLIST_FILE = "Current Conditions/Info.plist";
				LD_RUNPATH_SEARCH_PATHS = "$(inherited) @executable_path/Frameworks";
				PRODUCT_BUNDLE_IDENTIFIER = "me.alihaghani.Current-Conditions";
				PRODUCT_NAME = "$(TARGET_NAME)";
			};
			name = Release;
		};
/* End XCBuildConfiguration section */

/* Begin XCConfigurationList section */
		4100E9D61C6D91EA00B4C4E0 /* Build configuration list for PBXProject "Current Conditions" */ = {
			isa = XCConfigurationList;
			buildConfigurations = (
				4100E9EB1C6D91EA00B4C4E0 /* Debug */,
				4100E9EC1C6D91EA00B4C4E0 /* Release */,
			);
			defaultConfigurationIsVisible = 0;
			defaultConfigurationName = Release;
		};
		4100E9ED1C6D91EA00B4C4E0 /* Build configuration list for PBXNativeTarget "Current Conditions" */ = {
			isa = XCConfigurationList;
			buildConfigurations = (
				4100E9EE1C6D91EA00B4C4E0 /* Debug */,
				4100E9EF1C6D91EA00B4C4E0 /* Release */,
			);
			defaultConfigurationIsVisible = 0;
		};
/* End XCConfigurationList section */
	};
	rootObject = 4100E9D31C6D91EA00B4C4E0 /* Project object */;
}
