// !$*UTF8*$!
{
	archiveVersion = 1;
	classes = {
	};
	objectVersion = 46;
	objects = {

/* Begin PBXBuildFile section */
		4196CE021CF918B500A74939 /* AppDelegate.swift in Sources */ = {isa = PBXBuildFile; fileRef = 4196CE011CF918B500A74939 /* AppDelegate.swift */; };
		4196CE041CF918B500A74939 /* ViewController.swift in Sources */ = {isa = PBXBuildFile; fileRef = 4196CE031CF918B500A74939 /* ViewController.swift */; };
		4196CE071CF918B500A74939 /* Main.storyboard in Resources */ = {isa = PBXBuildFile; fileRef = 4196CE051CF918B500A74939 /* Main.storyboard */; };
		4196CE091CF918B500A74939 /* Assets.xcassets in Resources */ = {isa = PBXBuildFile; fileRef = 4196CE081CF918B500A74939 /* Assets.xcassets */; };
		4196CE0C1CF918B500A74939 /* LaunchScreen.storyboard in Resources */ = {isa = PBXBuildFile; fileRef = 4196CE0A1CF918B500A74939 /* LaunchScreen.storyboard */; };
		4196CE251CF9203000A74939 /* frame1.jpg in Resources */ = {isa = PBXBuildFile; fileRef = 4196CE1F1CF9203000A74939 /* frame1.jpg */; };
		4196CE261CF9203000A74939 /* frame2.jpg in Resources */ = {isa = PBXBuildFile; fileRef = 4196CE201CF9203000A74939 /* frame2.jpg */; };
		4196CE271CF9203000A74939 /* frame3.jpg in Resources */ = {isa = PBXBuildFile; fileRef = 4196CE211CF9203000A74939 /* frame3.jpg */; };
		4196CE281CF9203000A74939 /* frame4.jpg in Resources */ = {isa = PBXBuildFile; fileRef = 4196CE221CF9203000A74939 /* frame4.jpg */; };
		4196CE291CF9203000A74939 /* frame5.jpg in Resources */ = {isa = PBXBuildFile; fileRef = 4196CE231CF9203000A74939 /* frame5.jpg */; };
		4196CE2A1CF9203000A74939 /* frame6.jpg in Resources */ = {isa = PBXBuildFile; fileRef = 4196CE241CF9203000A74939 /* frame6.jpg */; };
/* End PBXBuildFile section */

/* Begin PBXFileReference section */
		4196CDFE1CF918B400A74939 /* Animations.app */ = {isa = PBXFileReference; explicitFileType = wrapper.application; includeInIndex = 0; path = Animations.app; sourceTree = BUILT_PRODUCTS_DIR; };
		4196CE011CF918B500A74939 /* AppDelegate.swift */ = {isa = PBXFileReference; lastKnownFileType = sourcecode.swift; path = AppDelegate.swift; sourceTree = "<group>"; };
		4196CE031CF918B500A74939 /* ViewController.swift */ = {isa = PBXFileReference; lastKnownFileType = sourcecode.swift; path = ViewController.swift; sourceTree = "<group>"; };
		4196CE061CF918B500A74939 /* Base */ = {isa = PBXFileReference; lastKnownFileType = file.storyboard; name = Base; path = Base.lproj/Main.storyboard; sourceTree = "<group>"; };
		4196CE081CF918B500A74939 /* Assets.xcassets */ = {isa = PBXFileReference; lastKnownFileType = folder.assetcatalog; path = Assets.xcassets; sourceTree = "<group>"; };
		4196CE0B1CF918B500A74939 /* Base */ = {isa = PBXFileReference; lastKnownFileType = file.storyboard; name = Base; path = Base.lproj/LaunchScreen.storyboard; sourceTree = "<group>"; };
		4196CE0D1CF918B500A74939 /* Info.plist */ = {isa = PBXFileReference; lastKnownFileType = text.plist.xml; path = Info.plist; sourceTree = "<group>"; };
		4196CE1F1CF9203000A74939 /* frame1.jpg */ = {isa = PBXFileReference; lastKnownFileType = image.jpeg; path = frame1.jpg; sourceTree = "<group>"; };
		4196CE201CF9203000A74939 /* frame2.jpg */ = {isa = PBXFileReference; lastKnownFileType = image.jpeg; path = frame2.jpg; sourceTree = "<group>"; };
		4196CE211CF9203000A74939 /* frame3.jpg */ = {isa = PBXFileReference; lastKnownFileType = image.jpeg; path = frame3.jpg; sourceTree = "<group>"; };
		4196CE221CF9203000A74939 /* frame4.jpg */ = {isa = PBXFileReference; lastKnownFileType = image.jpeg; path = frame4.jpg; sourceTree = "<group>"; };
		4196CE231CF9203000A74939 /* frame5.jpg */ = {isa = PBXFileReference; lastKnownFileType = image.jpeg; path = frame5.jpg; sourceTree = "<group>"; };
		4196CE241CF9203000A74939 /* frame6.jpg */ = {isa = PBXFileReference; lastKnownFileType = image.jpeg; path = frame6.jpg; sourceTree = "<group>"; };
/* End PBXFileReference section */

/* Begin PBXFrameworksBuildPhase section */
		4196CDFB1CF918B400A74939 /* Frameworks */ = {
			isa = PBXFrameworksBuildPhase;
			buildActionMask = 2147483647;
			files = (
			);
			runOnlyForDeploymentPostprocessing = 0;
		};
/* End PBXFrameworksBuildPhase section */

/* Begin PBXGroup section */
		4196CDF51CF918B400A74939 = {
			isa = PBXGroup;
			children = (
				4196CE001CF918B500A74939 /* Animations */,
				4196CDFF1CF918B400A74939 /* Products */,
			);
			sourceTree = "<group>";
		};
		4196CDFF1CF918B400A74939 /* Products */ = {
			isa = PBXGroup;
			children = (
				4196CDFE1CF918B400A74939 /* Animations.app */,
			);
			name = Products;
			sourceTree = "<group>";
		};
		4196CE001CF918B500A74939 /* Animations */ = {
			isa = PBXGroup;
			children = (
				4196CE011CF918B500A74939 /* AppDelegate.swift */,
				4196CE031CF918B500A74939 /* ViewController.swift */,
				4196CE051CF918B500A74939 /* Main.storyboard */,
				4196CE081CF918B500A74939 /* Assets.xcassets */,
				4196CE1F1CF9203000A74939 /* frame1.jpg */,
				4196CE201CF9203000A74939 /* frame2.jpg */,
				4196CE211CF9203000A74939 /* frame3.jpg */,
				4196CE221CF9203000A74939 /* frame4.jpg */,
				4196CE231CF9203000A74939 /* frame5.jpg */,
				4196CE241CF9203000A74939 /* frame6.jpg */,
				4196CE0A1CF918B500A74939 /* LaunchScreen.storyboard */,
				4196CE0D1CF918B500A74939 /* Info.plist */,
			);
			path = Animations;
			sourceTree = "<group>";
		};
/* End PBXGroup section */

/* Begin PBXNativeTarget section */
		4196CDFD1CF918B400A74939 /* Animations */ = {
			isa = PBXNativeTarget;
			buildConfigurationList = 4196CE101CF918B500A74939 /* Build configuration list for PBXNativeTarget "Animations" */;
			buildPhases = (
				4196CDFA1CF918B400A74939 /* Sources */,
				4196CDFB1CF918B400A74939 /* Frameworks */,
				4196CDFC1CF918B400A74939 /* Resources */,
			);
			buildRules = (
			);
			dependencies = (
			);
			name = Animations;
			productName = Animations;
			productReference = 4196CDFE1CF918B400A74939 /* Animations.app */;
			productType = "com.apple.product-type.application";
		};
/* End PBXNativeTarget section */

/* Begin PBXProject section */
		4196CDF61CF918B400A74939 /* Project object */ = {
			isa = PBXProject;
			attributes = {
				LastSwiftUpdateCheck = 0720;
				LastUpgradeCheck = 0720;
				ORGANIZATIONNAME = "Ali Haghani";
				TargetAttributes = {
					4196CDFD1CF918B400A74939 = {
						CreatedOnToolsVersion = 7.2;
					};
				};
			};
			buildConfigurationList = 4196CDF91CF918B400A74939 /* Build configuration list for PBXProject "Animations" */;
			compatibilityVersion = "Xcode 3.2";
			developmentRegion = English;
			hasScannedForEncodings = 0;
			knownRegions = (
				en,
				Base,
			);
			mainGroup = 4196CDF51CF918B400A74939;
			productRefGroup = 4196CDFF1CF918B400A74939 /* Products */;
			projectDirPath = "";
			projectRoot = "";
			targets = (
				4196CDFD1CF918B400A74939 /* Animations */,
			);
		};
/* End PBXProject section */

/* Begin PBXResourcesBuildPhase section */
		4196CDFC1CF918B400A74939 /* Resources */ = {
			isa = PBXResourcesBuildPhase;
			buildActionMask = 2147483647;
			files = (
				4196CE261CF9203000A74939 /* frame2.jpg in Resources */,
				4196CE291CF9203000A74939 /* frame5.jpg in Resources */,
				4196CE0C1CF918B500A74939 /* LaunchScreen.storyboard in Resources */,
				4196CE2A1CF9203000A74939 /* frame6.jpg in Resources */,
				4196CE281CF9203000A74939 /* frame4.jpg in Resources */,
				4196CE251CF9203000A74939 /* frame1.jpg in Resources */,
				4196CE271CF9203000A74939 /* frame3.jpg in Resources */,
				4196CE091CF918B500A74939 /* Assets.xcassets in Resources */,
				4196CE071CF918B500A74939 /* Main.storyboard in Resources */,
			);
			runOnlyForDeploymentPostprocessing = 0;
		};
/* End PBXResourcesBuildPhase section */

/* Begin PBXSourcesBuildPhase section */
		4196CDFA1CF918B400A74939 /* Sources */ = {
			isa = PBXSourcesBuildPhase;
			buildActionMask = 2147483647;
			files = (
				4196CE041CF918B500A74939 /* ViewController.swift in Sources */,
				4196CE021CF918B500A74939 /* AppDelegate.swift in Sources */,
			);
			runOnlyForDeploymentPostprocessing = 0;
		};
/* End PBXSourcesBuildPhase section */

/* Begin PBXVariantGroup section */
		4196CE051CF918B500A74939 /* Main.storyboard */ = {
			isa = PBXVariantGroup;
			children = (
				4196CE061CF918B500A74939 /* Base */,
			);
			name = Main.storyboard;
			sourceTree = "<group>";
		};
		4196CE0A1CF918B500A74939 /* LaunchScreen.storyboard */ = {
			isa = PBXVariantGroup;
			children = (
				4196CE0B1CF918B500A74939 /* Base */,
			);
			name = LaunchScreen.storyboard;
			sourceTree = "<group>";
		};
/* End PBXVariantGroup section */

/* Begin XCBuildConfiguration section */
		4196CE0E1CF918B500A74939 /* Debug */ = {
			isa = XCBuildConfiguration;
			buildSettings = {
				ALWAYS_SEARCH_USER_PATHS = NO;
				CLANG_CXX_LANGUAGE_STANDARD = "gnu++0x";
				CLANG_CXX_LIBRARY = "libc++";
				CLANG_ENABLE_MODULES = YES;
				CLANG_ENABLE_OBJC_ARC = YES;
				CLANG_WARN_BOOL_CONVERSION = YES;
				CLANG_WARN_CONSTANT_CONVERSION = YES;
				CLANG_WARN_DIRECT_OBJC_ISA_USAGE = YES_ERROR;
				CLANG_WARN_EMPTY_BODY = YES;
				CLANG_WARN_ENUM_CONVERSION = YES;
				CLANG_WARN_INT_CONVERSION = YES;
				CLANG_WARN_OBJC_ROOT_CLASS = YES_ERROR;
				CLANG_WARN_UNREACHABLE_CODE = YES;
				CLANG_WARN__DUPLICATE_METHOD_MATCH = YES;
				"CODE_SIGN_IDENTITY[sdk=iphoneos*]" = "iPhone Developer";
				COPY_PHASE_STRIP = NO;
				DEBUG_INFORMATION_FORMAT = dwarf;
				ENABLE_STRICT_OBJC_MSGSEND = YES;
				ENABLE_TESTABILITY = YES;
				GCC_C_LANGUAGE_STANDARD = gnu99;
				GCC_DYNAMIC_NO_PIC = NO;
				GCC_NO_COMMON_BLOCKS = YES;
				GCC_OPTIMIZATION_LEVEL = 0;
				GCC_PREPROCESSOR_DEFINITIONS = (
					"DEBUG=1",
					"$(inherited)",
				);
				GCC_WARN_64_TO_32_BIT_CONVERSION = YES;
				GCC_WARN_ABOUT_RETURN_TYPE = YES_ERROR;
				GCC_WARN_UNDECLARED_SELECTOR = YES;
				GCC_WARN_UNINITIALIZED_AUTOS = YES_AGGRESSIVE;
				GCC_WARN_UNUSED_FUNCTION = YES;
				GCC_WARN_UNUSED_VARIABLE = YES;
				IPHONEOS_DEPLOYMENT_TARGET = 9.2;
				MTL_ENABLE_DEBUG_INFO = YES;
				ONLY_ACTIVE_ARCH = YES;
				SDKROOT = iphoneos;
				SWIFT_OPTIMIZATION_LEVEL = "-Onone";
			};
			name = Debug;
		};
		4196CE0F1CF918B500A74939 /* Release */ = {
			isa = XCBuildConfiguration;
			buildSettings = {
				ALWAYS_SEARCH_USER_PATHS = NO;
				CLANG_CXX_LANGUAGE_STANDARD = "gnu++0x";
				CLANG_CXX_LIBRARY = "libc++";
				CLANG_ENABLE_MODULES = YES;
				CLANG_ENABLE_OBJC_ARC = YES;
				CLANG_WARN_BOOL_CONVERSION = YES;
				CLANG_WARN_CONSTANT_CONVERSION = YES;
				CLANG_WARN_DIRECT_OBJC_ISA_USAGE = YES_ERROR;
				CLANG_WARN_EMPTY_BODY = YES;
				CLANG_WARN_ENUM_CONVERSION = YES;
				CLANG_WARN_INT_CONVERSION = YES;
				CLANG_WARN_OBJC_ROOT_CLASS = YES_ERROR;
				CLANG_WARN_UNREACHABLE_CODE = YES;
				CLANG_WARN__DUPLICATE_METHOD_MATCH = YES;
				"CODE_SIGN_IDENTITY[sdk=iphoneos*]" = "iPhone Developer";
				COPY_PHASE_STRIP = NO;
				DEBUG_INFORMATION_FORMAT = "dwarf-with-dsym";
				ENABLE_NS_ASSERTIONS = NO;
				ENABLE_STRICT_OBJC_MSGSEND = YES;
				GCC_C_LANGUAGE_STANDARD = gnu99;
				GCC_NO_COMMON_BLOCKS = YES;
				GCC_WARN_64_TO_32_BIT_CONVERSION = YES;
				GCC_WARN_ABOUT_RETURN_TYPE = YES_ERROR;
				GCC_WARN_UNDECLARED_SELECTOR = YES;
				GCC_WARN_UNINITIALIZED_AUTOS = YES_AGGRESSIVE;
				GCC_WARN_UNUSED_FUNCTION = YES;
				GCC_WARN_UNUSED_VARIABLE = YES;
				IPHONEOS_DEPLOYMENT_TARGET = 9.2;
				MTL_ENABLE_DEBUG_INFO = NO;
				SDKROOT = iphoneos;
				VALIDATE_PRODUCT = YES;
			};
			name = Release;
		};
		4196CE111CF918B500A74939 /* Debug */ = {
			isa = XCBuildConfiguration;
			buildSettings = {
				ASSETCATALOG_COMPILER_APPICON_NAME = AppIcon;
				CODE_SIGN_IDENTITY = "iPhone Developer";
				INFOPLIST_FILE = Animations/Info.plist;
				LD_RUNPATH_SEARCH_PATHS = "$(inherited) @executable_path/Frameworks";
				PRODUCT_BUNDLE_IDENTIFIER = me.alihaghani.Animations;
				PRODUCT_NAME = "$(TARGET_NAME)";
			};
			name = Debug;
		};
		4196CE121CF918B500A74939 /* Release */ = {
			isa = XCBuildConfiguration;
			buildSettings = {
				ASSETCATALOG_COMPILER_APPICON_NAME = AppIcon;
				CODE_SIGN_IDENTITY = "iPhone Developer";
				INFOPLIST_FILE = Animations/Info.plist;
				LD_RUNPATH_SEARCH_PATHS = "$(inherited) @executable_path/Frameworks";
				PRODUCT_BUNDLE_IDENTIFIER = me.alihaghani.Animations;
				PRODUCT_NAME = "$(TARGET_NAME)";
			};
			name = Release;
		};
/* End XCBuildConfiguration section */

/* Begin XCConfigurationList section */
		4196CDF91CF918B400A74939 /* Build configuration list for PBXProject "Animations" */ = {
			isa = XCConfigurationList;
			buildConfigurations = (
				4196CE0E1CF918B500A74939 /* Debug */,
				4196CE0F1CF918B500A74939 /* Release */,
			);
			defaultConfigurationIsVisible = 0;
			defaultConfigurationName = Release;
		};
		4196CE101CF918B500A74939 /* Build configuration list for PBXNativeTarget "Animations" */ = {
			isa = XCConfigurationList;
			buildConfigurations = (
				4196CE111CF918B500A74939 /* Debug */,
				4196CE121CF918B500A74939 /* Release */,
			);
			defaultConfigurationIsVisible = 0;
		};
/* End XCConfigurationList section */
	};
	rootObject = 4196CDF61CF918B400A74939 /* Project object */;
}
